
Microsoft Visual Studio Solution File, Format Version 12.00
# Visual Studio Version 17
VisualStudioVersion = 17.14.36915.13
MinimumVisualStudioVersion = 10.0.40219.1
Project("{FAE04EC0-301F-11D3-BF4B-00C04F79EFBC}") = "Coffee", "Coffee\Coffee.csproj", "{5CF4929A-FC9A-40DC-BA5A-82BB1EB381E4}"
	ProjectSection(ProjectDependencies) = postProject
		{40D7EB84-3CCA-4194-8B57-727018E4A915} = {40D7EB84-3CCA-4194-8B57-727018E4A915}
		{BB452116-D245-4657-A06E-75EB311FD749} = {BB452116-D245-4657-A06E-75EB311FD749}
	EndProjectSection
EndProject
Project("{FAE04EC0-301F-11D3-BF4B-00C04F79EFBC}") = "Coffee.Data", "Coffee.Data\Coffee.Data.csproj", "{BB452116-D245-4657-A06E-75EB311FD749}"
	ProjectSection(ProjectDependencies) = postProject
		{40D7EB84-3CCA-4194-8B57-727018E4A915} = {40D7EB84-3CCA-4194-8B57-727018E4A915}
	EndProjectSection
EndProject
Project("{FAE04EC0-301F-11D3-BF4B-00C04F79EFBC}") = "Coffee.Core", "Coffee.Core\Coffee.Core.csproj", "{40D7EB84-3CCA-4194-8B57-727018E4A915}"
EndProject
Global
	GlobalSection(SolutionConfigurationPlatforms) = preSolution
		Debug|Any CPU = Debug|Any CPU
		Release|Any CPU = Release|Any CPU
	EndGlobalSection
	GlobalSection(ProjectConfigurationPlatforms) = postSolution
		{5CF4929A-FC9A-40DC-BA5A-82BB1EB381E4}.Debug|Any CPU.ActiveCfg = Debug|Any CPU
		{5CF4929A-FC9A-40DC-BA5A-82BB1EB381E4}.Debug|Any CPU.Build.0 = Debug|Any CPU
		{5CF4929A-FC9A-40DC-BA5A-82BB1EB381E4}.Release|Any CPU.ActiveCfg = Release|Any CPU
		{5CF4929A-FC9A-40DC-BA5A-82BB1EB381E4}.Release|Any CPU.Build.0 = Release|Any CPU
		{BB452116-D245-4657-A06E-75EB311FD749}.Debug|Any CPU.ActiveCfg = Debug|Any CPU
		{BB452116-D245-4657-A06E-75EB311FD749}.Debug|Any CPU.Build.0 = Debug|Any CPU
		{BB452116-D245-4657-A06E-75EB311FD749}.Release|Any CPU.ActiveCfg = Release|Any CPU
		{BB452116-D245-4657-A06E-75EB311FD749}.Release|Any CPU.Build.0 = Release|Any CPU
		{40D7EB84-3CCA-4194-8B57-727018E4A915}.Debug|Any CPU.ActiveCfg = Debug|Any CPU
		{40D7EB84-3CCA-4194-8B57-727018E4A915}.Debug|Any CPU.Build.0 = Debug|Any CPU
		{40D7EB84-3CCA-4194-8B57-727018E4A915}.Release|Any CPU.ActiveCfg = Release|Any CPU
		{40D7EB84-3CCA-4194-8B57-727018E4A915}.Release|Any CPU.Build.0 = Release|Any CPU
	EndGlobalSection
	GlobalSection(SolutionProperties) = preSolution
		HideSolutionNode = FALSE
	EndGlobalSection
	GlobalSection(ExtensibilityGlobals) = postSolution
		SolutionGuid = {E3D39D3B-B4ED-4154-988B-F71B4A8DC9DF}
	EndGlobalSection
EndGlobal
